
Microsoft Visual Studio Solution File, Format Version 12.00
# Visual Studio Version 16
VisualStudioVersion = 16.0.31605.320
MinimumVisualStudioVersion = 10.0.40219.1
Project("{6EC3EE1D-3C4E-46DD-8F32-0CC8E7565705}") = "NBomber.Sinks.InfluxDB", "src\NBomber.Sinks.InfluxDB\NBomber.Sinks.InfluxDB.fsproj", "{9974ACD3-9EAF-473C-9B72-86F50DAC8145}"
EndProject
Project("{2150E333-8FDC-42A3-9474-1A3956D46DE8}") = "examples", "examples", "{91B963F2-3296-4B05-80B1-54A7EB7A0636}"
	ProjectSection(SolutionItems) = preProject
		..\..\..\Desktop\parimatch-tech-dashboard.json = ..\..\..\Desktop\parimatch-tech-dashboard.json
	EndProjectSection
EndProject
Project("{6EC3EE1D-3C4E-46DD-8F32-0CC8E7565705}") = "FSharp", "examples\FSharp\FSharp.fsproj", "{D2B77FE9-F018-4272-9363-56BE3C424758}"
EndProject
Project("{FAE04EC0-301F-11D3-BF4B-00C04F79EFBC}") = "NBomber.Sinks.ParimatchTech.InfluxDB", "src\NBomber.Sinks.ParimatchTech.InfluxDB\NBomber.Sinks.ParimatchTech.InfluxDB.csproj", "{0642889B-743B-4D3A-9965-A6C38E06CED6}"
EndProject
Global
	GlobalSection(SolutionConfigurationPlatforms) = preSolution
		Debug|Any CPU = Debug|Any CPU
		Release|Any CPU = Release|Any CPU
	EndGlobalSection
	GlobalSection(ProjectConfigurationPlatforms) = postSolution
		{9974ACD3-9EAF-473C-9B72-86F50DAC8145}.Debug|Any CPU.ActiveCfg = Debug|Any CPU
		{9974ACD3-9EAF-473C-9B72-86F50DAC8145}.Debug|Any CPU.Build.0 = Debug|Any CPU
		{9974ACD3-9EAF-473C-9B72-86F50DAC8145}.Release|Any CPU.ActiveCfg = Release|Any CPU
		{9974ACD3-9EAF-473C-9B72-86F50DAC8145}.Release|Any CPU.Build.0 = Release|Any CPU
		{D2B77FE9-F018-4272-9363-56BE3C424758}.Debug|Any CPU.ActiveCfg = Debug|Any CPU
		{D2B77FE9-F018-4272-9363-56BE3C424758}.Debug|Any CPU.Build.0 = Debug|Any CPU
		{D2B77FE9-F018-4272-9363-56BE3C424758}.Release|Any CPU.ActiveCfg = Release|Any CPU
		{D2B77FE9-F018-4272-9363-56BE3C424758}.Release|Any CPU.Build.0 = Release|Any CPU
		{0642889B-743B-4D3A-9965-A6C38E06CED6}.Debug|Any CPU.ActiveCfg = Debug|Any CPU
		{0642889B-743B-4D3A-9965-A6C38E06CED6}.Debug|Any CPU.Build.0 = Debug|Any CPU
		{0642889B-743B-4D3A-9965-A6C38E06CED6}.Release|Any CPU.ActiveCfg = Release|Any CPU
		{0642889B-743B-4D3A-9965-A6C38E06CED6}.Release|Any CPU.Build.0 = Release|Any CPU
	EndGlobalSection
	GlobalSection(SolutionProperties) = preSolution
		HideSolutionNode = FALSE
	EndGlobalSection
	GlobalSection(NestedProjects) = preSolution
		{D2B77FE9-F018-4272-9363-56BE3C424758} = {91B963F2-3296-4B05-80B1-54A7EB7A0636}
	EndGlobalSection
	GlobalSection(ExtensibilityGlobals) = postSolution
		SolutionGuid = {0A600C4E-4EAA-44ED-873A-F357DD2CF34C}
	EndGlobalSection
EndGlobal
